// !$*UTF8*$!
{
	archiveVersion = 1;
	classes = {
	};
	objectVersion = 50;
	objects = {

/* Begin PBXBuildFile section */
		8FC518683C67A064D7E3FFC1 /* Pods_MultilevelTableView.framework in Frameworks */ = {isa = PBXBuildFile; fileRef = 536B85E5B34E7840D6E4F011 /* Pods_MultilevelTableView.framework */; };
		AADB6D3C237D69A900A757B6 /* AppDelegate.swift in Sources */ = {isa = PBXBuildFile; fileRef = AADB6D3B237D69A900A757B6 /* AppDelegate.swift */; };
		AADB6D3E237D69A900A757B6 /* ViewController.swift in Sources */ = {isa = PBXBuildFile; fileRef = AADB6D3D237D69A900A757B6 /* ViewController.swift */; };
		AADB6D41237D69A900A757B6 /* Main.storyboard in Resources */ = {isa = PBXBuildFile; fileRef = AADB6D3F237D69A900A757B6 /* Main.storyboard */; };
		AADB6D43237D69BB00A757B6 /* Assets.xcassets in Resources */ = {isa = PBXBuildFile; fileRef = AADB6D42237D69BB00A757B6 /* Assets.xcassets */; };
		AADB6D46237D69BB00A757B6 /* LaunchScreen.storyboard in Resources */ = {isa = PBXBuildFile; fileRef = AADB6D44237D69BB00A757B6 /* LaunchScreen.storyboard */; };
		AADB6D51237D69BB00A757B6 /* MultilevelTableViewTests.swift in Sources */ = {isa = PBXBuildFile; fileRef = AADB6D50237D69BB00A757B6 /* MultilevelTableViewTests.swift */; };
		AADB6D5C237D69BB00A757B6 /* MultilevelTableViewUITests.swift in Sources */ = {isa = PBXBuildFile; fileRef = AADB6D5B237D69BB00A757B6 /* MultilevelTableViewUITests.swift */; };
		AADB6D70237D84BC00A757B6 /* Childs2ndStageTableViewCell.swift in Sources */ = {isa = PBXBuildFile; fileRef = AADB6D6A237D84BB00A757B6 /* Childs2ndStageTableViewCell.swift */; };
		AADB6D71237D84BC00A757B6 /* Childs2ndStageTableViewCell.xib in Resources */ = {isa = PBXBuildFile; fileRef = AADB6D6B237D84BB00A757B6 /* Childs2ndStageTableViewCell.xib */; };
		AADB6D72237D84BC00A757B6 /* ParentsTableViewCell.xib in Resources */ = {isa = PBXBuildFile; fileRef = AADB6D6C237D84BB00A757B6 /* ParentsTableViewCell.xib */; };
		AADB6D73237D84BC00A757B6 /* Childs3rdStageTableViewCell.swift in Sources */ = {isa = PBXBuildFile; fileRef = AADB6D6D237D84BB00A757B6 /* Childs3rdStageTableViewCell.swift */; };
		AADB6D74237D84BC00A757B6 /* ParentsTableViewCell.swift in Sources */ = {isa = PBXBuildFile; fileRef = AADB6D6E237D84BB00A757B6 /* ParentsTableViewCell.swift */; };
		AADB6D75237D84BC00A757B6 /* Childs3rdStageTableViewCell.xib in Resources */ = {isa = PBXBuildFile; fileRef = AADB6D6F237D84BB00A757B6 /* Childs3rdStageTableViewCell.xib */; };
		AADB6D77237D871D00A757B6 /* Tree.json in Resources */ = {isa = PBXBuildFile; fileRef = AADB6D76237D871D00A757B6 /* Tree.json */; };
/* End PBXBuildFile section */

/* Begin PBXContainerItemProxy section */
		AADB6D4D237D69BB00A757B6 /* PBXContainerItemProxy */ = {
			isa = PBXContainerItemProxy;
			containerPortal = AADB6D30237D69A900A757B6 /* Project object */;
			proxyType = 1;
			remoteGlobalIDString = AADB6D37237D69A900A757B6;
			remoteInfo = MultilevelTableView;
		};
		AADB6D58237D69BB00A757B6 /* PBXContainerItemProxy */ = {
			isa = PBXContainerItemProxy;
			containerPortal = AADB6D30237D69A900A757B6 /* Project object */;
			proxyType = 1;
			remoteGlobalIDString = AADB6D37237D69A900A757B6;
			remoteInfo = MultilevelTableView;
		};
/* End PBXContainerItemProxy section */

/* Begin PBXFileReference section */
		536B85E5B34E7840D6E4F011 /* Pods_MultilevelTableView.framework */ = {isa = PBXFileReference; explicitFileType = wrapper.framework; includeInIndex = 0; path = Pods_MultilevelTableView.framework; sourceTree = BUILT_PRODUCTS_DIR; };
		AADB6D38237D69A900A757B6 /* MultilevelTableView.app */ = {isa = PBXFileReference; explicitFileType = wrapper.application; includeInIndex = 0; path = MultilevelTableView.app; sourceTree = BUILT_PRODUCTS_DIR; };
		AADB6D3B237D69A900A757B6 /* AppDelegate.swift */ = {isa = PBXFileReference; lastKnownFileType = sourcecode.swift; path = AppDelegate.swift; sourceTree = "<group>"; };
		AADB6D3D237D69A900A757B6 /* ViewController.swift */ = {isa = PBXFileReference; lastKnownFileType = sourcecode.swift; path = ViewController.swift; sourceTree = "<group>"; };
		AADB6D40237D69A900A757B6 /* Base */ = {isa = PBXFileReference; lastKnownFileType = file.storyboard; name = Base; path = Base.lproj/Main.storyboard; sourceTree = "<group>"; };
		AADB6D42237D69BB00A757B6 /* Assets.xcassets */ = {isa = PBXFileReference; lastKnownFileType = folder.assetcatalog; path = Assets.xcassets; sourceTree = "<group>"; };
		AADB6D45237D69BB00A757B6 /* Base */ = {isa = PBXFileReference; lastKnownFileType = file.storyboard; name = Base; path = Base.lproj/LaunchScreen.storyboard; sourceTree = "<group>"; };
		AADB6D47237D69BB00A757B6 /* Info.plist */ = {isa = PBXFileReference; lastKnownFileType = text.plist.xml; path = Info.plist; sourceTree = "<group>"; };
		AADB6D4C237D69BB00A757B6 /* MultilevelTableViewTests.xctest */ = {isa = PBXFileReference; explicitFileType = wrapper.cfbundle; includeInIndex = 0; path = MultilevelTableViewTests.xctest; sourceTree = BUILT_PRODUCTS_DIR; };
		AADB6D50237D69BB00A757B6 /* MultilevelTableViewTests.swift */ = {isa = PBXFileReference; lastKnownFileType = sourcecode.swift; path = MultilevelTableViewTests.swift; sourceTree = "<group>"; };
		AADB6D52237D69BB00A757B6 /* Info.plist */ = {isa = PBXFileReference; lastKnownFileType = text.plist.xml; path = Info.plist; sourceTree = "<group>"; };
		AADB6D57237D69BB00A757B6 /* MultilevelTableViewUITests.xctest */ = {isa = PBXFileReference; explicitFileType = wrapper.cfbundle; includeInIndex = 0; path = MultilevelTableViewUITests.xctest; sourceTree = BUILT_PRODUCTS_DIR; };
		AADB6D5B237D69BB00A757B6 /* MultilevelTableViewUITests.swift */ = {isa = PBXFileReference; lastKnownFileType = sourcecode.swift; path = MultilevelTableViewUITests.swift; sourceTree = "<group>"; };
		AADB6D5D237D69BB00A757B6 /* Info.plist */ = {isa = PBXFileReference; lastKnownFileType = text.plist.xml; path = Info.plist; sourceTree = "<group>"; };
		AADB6D6A237D84BB00A757B6 /* Childs2ndStageTableViewCell.swift */ = {isa = PBXFileReference; fileEncoding = 4; lastKnownFileType = sourcecode.swift; path = Childs2ndStageTableViewCell.swift; sourceTree = "<group>"; };
		AADB6D6B237D84BB00A757B6 /* Childs2ndStageTableViewCell.xib */ = {isa = PBXFileReference; fileEncoding = 4; lastKnownFileType = file.xib; path = Childs2ndStageTableViewCell.xib; sourceTree = "<group>"; };
		AADB6D6C237D84BB00A757B6 /* ParentsTableViewCell.xib */ = {isa = PBXFileReference; fileEncoding = 4; lastKnownFileType = file.xib; path = ParentsTableViewCell.xib; sourceTree = "<group>"; };
		AADB6D6D237D84BB00A757B6 /* Childs3rdStageTableViewCell.swift */ = {isa = PBXFileReference; fileEncoding = 4; lastKnownFileType = sourcecode.swift; path = Childs3rdStageTableViewCell.swift; sourceTree = "<group>"; };
		AADB6D6E237D84BB00A757B6 /* ParentsTableViewCell.swift */ = {isa = PBXFileReference; fileEncoding = 4; lastKnownFileType = sourcecode.swift; path = ParentsTableViewCell.swift; sourceTree = "<group>"; };
		AADB6D6F237D84BB00A757B6 /* Childs3rdStageTableViewCell.xib */ = {isa = PBXFileReference; fileEncoding = 4; lastKnownFileType = file.xib; path = Childs3rdStageTableViewCell.xib; sourceTree = "<group>"; };
		AADB6D76237D871D00A757B6 /* Tree.json */ = {isa = PBXFileReference; fileEncoding = 4; lastKnownFileType = text.json; path = Tree.json; sourceTree = "<group>"; };
		C1A4CE02CCEC84BF257C1DF2 /* Pods-MultilevelTableView.release.xcconfig */ = {isa = PBXFileReference; includeInIndex = 1; lastKnownFileType = text.xcconfig; name = "Pods-MultilevelTableView.release.xcconfig"; path = "Pods/Target Support Files/Pods-MultilevelTableView/Pods-MultilevelTableView.release.xcconfig"; sourceTree = "<group>"; };
		C2758F832AA6B4416F2EBE7C /* Pods-MultilevelTableView.debug.xcconfig */ = {isa = PBXFileReference; includeInIndex = 1; lastKnownFileType = text.xcconfig; name = "Pods-MultilevelTableView.debug.xcconfig"; path = "Pods/Target Support Files/Pods-MultilevelTableView/Pods-MultilevelTableView.debug.xcconfig"; sourceTree = "<group>"; };
/* End PBXFileReference section */

/* Begin PBXFrameworksBuildPhase section */
		AADB6D35237D69A900A757B6 /* Frameworks */ = {
			isa = PBXFrameworksBuildPhase;
			buildActionMask = 2147483647;
			files = (
				8FC518683C67A064D7E3FFC1 /* Pods_MultilevelTableView.framework in Frameworks */,
			);
			runOnlyForDeploymentPostprocessing = 0;
		};
		AADB6D49237D69BB00A757B6 /* Frameworks */ = {
			isa = PBXFrameworksBuildPhase;
			buildActionMask = 2147483647;
			files = (
			);
			runOnlyForDeploymentPostprocessing = 0;
		};
		AADB6D54237D69BB00A757B6 /* Frameworks */ = {
			isa = PBXFrameworksBuildPhase;
			buildActionMask = 2147483647;
			files = (
			);
			runOnlyForDeploymentPostprocessing = 0;
		};
/* End PBXFrameworksBuildPhase section */

/* Begin PBXGroup section */
		062919D5DC77A56B35F3F404 /* Frameworks */ = {
			isa = PBXGroup;
			children = (
				536B85E5B34E7840D6E4F011 /* Pods_MultilevelTableView.framework */,
			);
			name = Frameworks;
			sourceTree = "<group>";
		};
		4A39F54E8CE1AA5269ED75D5 /* Pods */ = {
			isa = PBXGroup;
			children = (
				C2758F832AA6B4416F2EBE7C /* Pods-MultilevelTableView.debug.xcconfig */,
				C1A4CE02CCEC84BF257C1DF2 /* Pods-MultilevelTableView.release.xcconfig */,
			);
			name = Pods;
			sourceTree = "<group>";
		};
		AADB6D2F237D69A900A757B6 = {
			isa = PBXGroup;
			children = (
				AADB6D3A237D69A900A757B6 /* MultilevelTableView */,
				AADB6D4F237D69BB00A757B6 /* MultilevelTableViewTests */,
				AADB6D5A237D69BB00A757B6 /* MultilevelTableViewUITests */,
				AADB6D39237D69A900A757B6 /* Products */,
				4A39F54E8CE1AA5269ED75D5 /* Pods */,
				062919D5DC77A56B35F3F404 /* Frameworks */,
			);
			sourceTree = "<group>";
		};
		AADB6D39237D69A900A757B6 /* Products */ = {
			isa = PBXGroup;
			children = (
				AADB6D38237D69A900A757B6 /* MultilevelTableView.app */,
				AADB6D4C237D69BB00A757B6 /* MultilevelTableViewTests.xctest */,
				AADB6D57237D69BB00A757B6 /* MultilevelTableViewUITests.xctest */,
			);
			name = Products;
			sourceTree = "<group>";
		};
		AADB6D3A237D69A900A757B6 /* MultilevelTableView */ = {
			isa = PBXGroup;
			children = (
				AADB6D76237D871D00A757B6 /* Tree.json */,
				AADB6D69237D84BB00A757B6 /* TableviewCells */,
				AADB6D3B237D69A900A757B6 /* AppDelegate.swift */,
				AADB6D3D237D69A900A757B6 /* ViewController.swift */,
				AADB6D3F237D69A900A757B6 /* Main.storyboard */,
				AADB6D42237D69BB00A757B6 /* Assets.xcassets */,
				AADB6D44237D69BB00A757B6 /* LaunchScreen.storyboard */,
				AADB6D47237D69BB00A757B6 /* Info.plist */,
			);
			path = MultilevelTableView;
			sourceTree = "<group>";
		};
		AADB6D4F237D69BB00A757B6 /* MultilevelTableViewTests */ = {
			isa = PBXGroup;
			children = (
				AADB6D50237D69BB00A757B6 /* MultilevelTableViewTests.swift */,
				AADB6D52237D69BB00A757B6 /* Info.plist */,
			);
			path = MultilevelTableViewTests;
			sourceTree = "<group>";
		};
		AADB6D5A237D69BB00A757B6 /* MultilevelTableViewUITests */ = {
			isa = PBXGroup;
			children = (
				AADB6D5B237D69BB00A757B6 /* MultilevelTableViewUITests.swift */,
				AADB6D5D237D69BB00A757B6 /* Info.plist */,
			);
			path = MultilevelTableViewUITests;
			sourceTree = "<group>";
		};
		AADB6D69237D84BB00A757B6 /* TableviewCells */ = {
			isa = PBXGroup;
			children = (
				AADB6D6A237D84BB00A757B6 /* Childs2ndStageTableViewCell.swift */,
				AADB6D6B237D84BB00A757B6 /* Childs2ndStageTableViewCell.xib */,
				AADB6D6C237D84BB00A757B6 /* ParentsTableViewCell.xib */,
				AADB6D6D237D84BB00A757B6 /* Childs3rdStageTableViewCell.swift */,
				AADB6D6E237D84BB00A757B6 /* ParentsTableViewCell.swift */,
				AADB6D6F237D84BB00A757B6 /* Childs3rdStageTableViewCell.xib */,
			);
			path = TableviewCells;
			sourceTree = "<group>";
		};
/* End PBXGroup section */

/* Begin PBXNativeTarget section */
		AADB6D37237D69A900A757B6 /* MultilevelTableView */ = {
			isa = PBXNativeTarget;
			buildConfigurationList = AADB6D60237D69BB00A757B6 /* Build configuration list for PBXNativeTarget "MultilevelTableView" */;
			buildPhases = (
				DCFD663A487EC3D2D52611D1 /* [CP] Check Pods Manifest.lock */,
				AADB6D34237D69A900A757B6 /* Sources */,
				AADB6D35237D69A900A757B6 /* Frameworks */,
				AADB6D36237D69A900A757B6 /* Resources */,
				275D7F5E5061C54057A51FA5 /* [CP] Embed Pods Frameworks */,
			);
			buildRules = (
			);
			dependencies = (
			);
			name = MultilevelTableView;
			productName = MultilevelTableView;
			productReference = AADB6D38237D69A900A757B6 /* MultilevelTableView.app */;
			productType = "com.apple.product-type.application";
		};
		AADB6D4B237D69BB00A757B6 /* MultilevelTableViewTests */ = {
			isa = PBXNativeTarget;
			buildConfigurationList = AADB6D63237D69BB00A757B6 /* Build configuration list for PBXNativeTarget "MultilevelTableViewTests" */;
			buildPhases = (
				AADB6D48237D69BB00A757B6 /* Sources */,
				AADB6D49237D69BB00A757B6 /* Frameworks */,
				AADB6D4A237D69BB00A757B6 /* Resources */,
			);
			buildRules = (
			);
			dependencies = (
				AADB6D4E237D69BB00A757B6 /* PBXTargetDependency */,
			);
			name = MultilevelTableViewTests;
			productName = MultilevelTableViewTests;
			productReference = AADB6D4C237D69BB00A757B6 /* MultilevelTableViewTests.xctest */;
			productType = "com.apple.product-type.bundle.unit-test";
		};
		AADB6D56237D69BB00A757B6 /* MultilevelTableViewUITests */ = {
			isa = PBXNativeTarget;
			buildConfigurationList = AADB6D66237D69BB00A757B6 /* Build configuration list for PBXNativeTarget "MultilevelTableViewUITests" */;
			buildPhases = (
				AADB6D53237D69BB00A757B6 /* Sources */,
				AADB6D54237D69BB00A757B6 /* Frameworks */,
				AADB6D55237D69BB00A757B6 /* Resources */,
			);
			buildRules = (
			);
			dependencies = (
				AADB6D59237D69BB00A757B6 /* PBXTargetDependency */,
			);
			name = MultilevelTableViewUITests;
			productName = MultilevelTableViewUITests;
			productReference = AADB6D57237D69BB00A757B6 /* MultilevelTableViewUITests.xctest */;
			productType = "com.apple.product-type.bundle.ui-testing";
		};
/* End PBXNativeTarget section */

/* Begin PBXProject section */
		AADB6D30237D69A900A757B6 /* Project object */ = {
			isa = PBXProject;
			attributes = {
				LastSwiftUpdateCheck = 1020;
				LastUpgradeCheck = 1020;
				ORGANIZATIONNAME = SiteFuelUSA;
				TargetAttributes = {
					AADB6D37237D69A900A757B6 = {
						CreatedOnToolsVersion = 10.2.1;
					};
					AADB6D4B237D69BB00A757B6 = {
						CreatedOnToolsVersion = 10.2.1;
						TestTargetID = AADB6D37237D69A900A757B6;
					};
					AADB6D56237D69BB00A757B6 = {
						CreatedOnToolsVersion = 10.2.1;
						TestTargetID = AADB6D37237D69A900A757B6;
					};
				};
			};
			buildConfigurationList = AADB6D33237D69A900A757B6 /* Build configuration list for PBXProject "MultilevelTableView" */;
			compatibilityVersion = "Xcode 9.3";
			developmentRegion = en;
			hasScannedForEncodings = 0;
			knownRegions = (
				en,
				Base,
			);
			mainGroup = AADB6D2F237D69A900A757B6;
			productRefGroup = AADB6D39237D69A900A757B6 /* Products */;
			projectDirPath = "";
			projectRoot = "";
			targets = (
				AADB6D37237D69A900A757B6 /* MultilevelTableView */,
				AADB6D4B237D69BB00A757B6 /* MultilevelTableViewTests */,
				AADB6D56237D69BB00A757B6 /* MultilevelTableViewUITests */,
			);
		};
/* End PBXProject section */

/* Begin PBXResourcesBuildPhase section */
		AADB6D36237D69A900A757B6 /* Resources */ = {
			isa = PBXResourcesBuildPhase;
			buildActionMask = 2147483647;
			files = (
				AADB6D72237D84BC00A757B6 /* ParentsTableViewCell.xib in Resources */,
				AADB6D75237D84BC00A757B6 /* Childs3rdStageTableViewCell.xib in Resources */,
				AADB6D46237D69BB00A757B6 /* LaunchScreen.storyboard in Resources */,
				AADB6D77237D871D00A757B6 /* Tree.json in Resources */,
				AADB6D43237D69BB00A757B6 /* Assets.xcassets in Resources */,
				AADB6D71237D84BC00A757B6 /* Childs2ndStageTableViewCell.xib in Resources */,
				AADB6D41237D69A900A757B6 /* Main.storyboard in Resources */,
			);
			runOnlyForDeploymentPostprocessing = 0;
		};
		AADB6D4A237D69BB00A757B6 /* Resources */ = {
			isa = PBXResourcesBuildPhase;
			buildActionMask = 2147483647;
			files = (
			);
			runOnlyForDeploymentPostprocessing = 0;
		};
		AADB6D55237D69BB00A757B6 /* Resources */ = {
			isa = PBXResourcesBuildPhase;
			buildActionMask = 2147483647;
			files = (
			);
			runOnlyForDeploymentPostprocessing = 0;
		};
/* End PBXResourcesBuildPhase section */

/* Begin PBXShellScriptBuildPhase section */
		275D7F5E5061C54057A51FA5 /* [CP] Embed Pods Frameworks */ = {
			isa = PBXShellScriptBuildPhase;
			buildActionMask = 2147483647;
			files = (
			);
			inputPaths = (
				"${SRCROOT}/Pods/Target Support Files/Pods-MultilevelTableView/Pods-MultilevelTableView-frameworks.sh",
				"${BUILT_PRODUCTS_DIR}/KJExpandableTableTree/KJExpandableTableTree.framework",
			);
			name = "[CP] Embed Pods Frameworks";
			outputPaths = (
				"${TARGET_BUILD_DIR}/${FRAMEWORKS_FOLDER_PATH}/KJExpandableTableTree.framework",
			);
			runOnlyForDeploymentPostprocessing = 0;
			shellPath = /bin/sh;
			shellScript = "\"${SRCROOT}/Pods/Target Support Files/Pods-MultilevelTableView/Pods-MultilevelTableView-frameworks.sh\"\n";
			showEnvVarsInLog = 0;
		};
		DCFD663A487EC3D2D52611D1 /* [CP] Check Pods Manifest.lock */ = {
			isa = PBXShellScriptBuildPhase;
			buildActionMask = 2147483647;
			files = (
			);
			inputPaths = (
				"${PODS_PODFILE_DIR_PATH}/Podfile.lock",
				"${PODS_ROOT}/Manifest.lock",
			);
			name = "[CP] Check Pods Manifest.lock";
			outputPaths = (
				"$(DERIVED_FILE_DIR)/Pods-MultilevelTableView-checkManifestLockResult.txt",
			);
			runOnlyForDeploymentPostprocessing = 0;
			shellPath = /bin/sh;
			shellScript = "diff \"${PODS_PODFILE_DIR_PATH}/Podfile.lock\" \"${PODS_ROOT}/Manifest.lock\" > /dev/null\nif [ $? != 0 ] ; then\n    # print error to STDERR\n    echo \"error: The sandbox is not in sync with the Podfile.lock. Run 'pod install' or update your CocoaPods installation.\" >&2\n    exit 1\nfi\n# This output is used by Xcode 'outputs' to avoid re-running this script phase.\necho \"SUCCESS\" > \"${SCRIPT_OUTPUT_FILE_0}\"\n";
			showEnvVarsInLog = 0;
		};
/* End PBXShellScriptBuildPhase section */

/* Begin PBXSourcesBuildPhase section */
		AADB6D34237D69A900A757B6 /* Sources */ = {
			isa = PBXSourcesBuildPhase;
			buildActionMask = 2147483647;
			files = (
				AADB6D74237D84BC00A757B6 /* ParentsTableViewCell.swift in Sources */,
				AADB6D3E237D69A900A757B6 /* ViewController.swift in Sources */,
				AADB6D73237D84BC00A757B6 /* Childs3rdStageTableViewCell.swift in Sources */,
				AADB6D70237D84BC00A757B6 /* Childs2ndStageTableViewCell.swift in Sources */,
				AADB6D3C237D69A900A757B6 /* AppDelegate.swift in Sources */,
			);
			runOnlyForDeploymentPostprocessing = 0;
		};
		AADB6D48237D69BB00A757B6 /* Sources */ = {
			isa = PBXSourcesBuildPhase;
			buildActionMask = 2147483647;
			files = (
				AADB6D51237D69BB00A757B6 /* MultilevelTableViewTests.swift in Sources */,
			);
			runOnlyForDeploymentPostprocessing = 0;
		};
		AADB6D53237D69BB00A757B6 /* Sources */ = {
			isa = PBXSourcesBuildPhase;
			buildActionMask = 2147483647;
			files = (
				AADB6D5C237D69BB00A757B6 /* MultilevelTableViewUITests.swift in Sources */,
			);
			runOnlyForDeploymentPostprocessing = 0;
		};
/* End PBXSourcesBuildPhase section */

/* Begin PBXTargetDependency section */
		AADB6D4E237D69BB00A757B6 /* PBXTargetDependency */ = {
			isa = PBXTargetDependency;
			target = AADB6D37237D69A900A757B6 /* MultilevelTableView */;
			targetProxy = AADB6D4D237D69BB00A757B6 /* PBXContainerItemProxy */;
		};
		AADB6D59237D69BB00A757B6 /* PBXTargetDependency */ = {
			isa = PBXTargetDependency;
			target = AADB6D37237D69A900A757B6 /* MultilevelTableView */;
			targetProxy = AADB6D58237D69BB00A757B6 /* PBXContainerItemProxy */;
		};
/* End PBXTargetDependency section */

/* Begin PBXVariantGroup section */
		AADB6D3F237D69A900A757B6 /* Main.storyboard */ = {
			isa = PBXVariantGroup;
			children = (
				AADB6D40237D69A900A757B6 /* Base */,
			);
			name = Main.storyboard;
			sourceTree = "<group>";
		};
		AADB6D44237D69BB00A757B6 /* LaunchScreen.storyboard */ = {
			isa = PBXVariantGroup;
			children = (
				AADB6D45237D69BB00A757B6 /* Base */,
			);
			name = LaunchScreen.storyboard;
			sourceTree = "<group>";
		};
/* End PBXVariantGroup section */

/* Begin XCBuildConfiguration section */
		AADB6D5E237D69BB00A757B6 /* Debug */ = {
			isa = XCBuildConfiguration;
			buildSettings = {
				ALWAYS_SEARCH_USER_PATHS = NO;
				CLANG_ANALYZER_NONNULL = YES;
				CLANG_ANALYZER_NUMBER_OBJECT_CONVERSION = YES_AGGRESSIVE;
				CLANG_CXX_LANGUAGE_STANDARD = "gnu++14";
				CLANG_CXX_LIBRARY = "libc++";
				CLANG_ENABLE_MODULES = YES;
				CLANG_ENABLE_OBJC_ARC = YES;
				CLANG_ENABLE_OBJC_WEAK = YES;
				CLANG_WARN_BLOCK_CAPTURE_AUTORELEASING = YES;
				CLANG_WARN_BOOL_CONVERSION = YES;
				CLANG_WARN_COMMA = YES;
				CLANG_WARN_CONSTANT_CONVERSION = YES;
				CLANG_WARN_DEPRECATED_OBJC_IMPLEMENTATIONS = YES;
				CLANG_WARN_DIRECT_OBJC_ISA_USAGE = YES_ERROR;
				CLANG_WARN_DOCUMENTATION_COMMENTS = YES;
				CLANG_WARN_EMPTY_BODY = YES;
				CLANG_WARN_ENUM_CONVERSION = YES;
				CLANG_WARN_INFINITE_RECURSION = YES;
				CLANG_WARN_INT_CONVERSION = YES;
				CLANG_WARN_NON_LITERAL_NULL_CONVERSION = YES;
				CLANG_WARN_OBJC_IMPLICIT_RETAIN_SELF = YES;
				CLANG_WARN_OBJC_LITERAL_CONVERSION = YES;
				CLANG_WARN_OBJC_ROOT_CLASS = YES_ERROR;
				CLANG_WARN_RANGE_LOOP_ANALYSIS = YES;
				CLANG_WARN_STRICT_PROTOTYPES = YES;
				CLANG_WARN_SUSPICIOUS_MOVE = YES;
				CLANG_WARN_UNGUARDED_AVAILABILITY = YES_AGGRESSIVE;
				CLANG_WARN_UNREACHABLE_CODE = YES;
				CLANG_WARN__DUPLICATE_METHOD_MATCH = YES;
				CODE_SIGN_IDENTITY = "iPhone Developer";
				COPY_PHASE_STRIP = NO;
				DEBUG_INFORMATION_FORMAT = dwarf;
				ENABLE_STRICT_OBJC_MSGSEND = YES;
				ENABLE_TESTABILITY = YES;
				GCC_C_LANGUAGE_STANDARD = gnu11;
				GCC_DYNAMIC_NO_PIC = NO;
				GCC_NO_COMMON_BLOCKS = YES;
				GCC_OPTIMIZATION_LEVEL = 0;
				GCC_PREPROCESSOR_DEFINITIONS = (
					"DEBUG=1",
					"$(inherited)",
				);
				GCC_WARN_64_TO_32_BIT_CONVERSION = YES;
				GCC_WARN_ABOUT_RETURN_TYPE = YES_ERROR;
				GCC_WARN_UNDECLARED_SELECTOR = YES;
				GCC_WARN_UNINITIALIZED_AUTOS = YES_AGGRESSIVE;
				GCC_WARN_UNUSED_FUNCTION = YES;
				GCC_WARN_UNUSED_VARIABLE = YES;
				IPHONEOS_DEPLOYMENT_TARGET = 12.2;
				MTL_ENABLE_DEBUG_INFO = INCLUDE_SOURCE;
				MTL_FAST_MATH = YES;
				ONLY_ACTIVE_ARCH = YES;
				SDKROOT = iphoneos;
				SWIFT_ACTIVE_COMPILATION_CONDITIONS = DEBUG;
				SWIFT_OPTIMIZATION_LEVEL = "-Onone";
			};
			name = Debug;
		};
		AADB6D5F237D69BB00A757B6 /* Release */ = {
			isa = XCBuildConfiguration;
			buildSettings = {
				ALWAYS_SEARCH_USER_PATHS = NO;
				CLANG_ANALYZER_NONNULL = YES;
				CLANG_ANALYZER_NUMBER_OBJECT_CONVERSION = YES_AGGRESSIVE;
				CLANG_CXX_LANGUAGE_STANDARD = "gnu++14";
				CLANG_CXX_LIBRARY = "libc++";
				CLANG_ENABLE_MODULES = YES;
				CLANG_ENABLE_OBJC_ARC = YES;
				CLANG_ENABLE_OBJC_WEAK = YES;
				CLANG_WARN_BLOCK_CAPTURE_AUTORELEASING = YES;
				CLANG_WARN_BOOL_CONVERSION = YES;
				CLANG_WARN_COMMA = YES;
				CLANG_WARN_CONSTANT_CONVERSION = YES;
				CLANG_WARN_DEPRECATED_OBJC_IMPLEMENTATIONS = YES;
				CLANG_WARN_DIRECT_OBJC_ISA_USAGE = YES_ERROR;
				CLANG_WARN_DOCUMENTATION_COMMENTS = YES;
				CLANG_WARN_EMPTY_BODY = YES;
				CLANG_WARN_ENUM_CONVERSION = YES;
				CLANG_WARN_INFINITE_RECURSION = YES;
				CLANG_WARN_INT_CONVERSION = YES;
				CLANG_WARN_NON_LITERAL_NULL_CONVERSION = YES;
				CLANG_WARN_OBJC_IMPLICIT_RETAIN_SELF = YES;
				CLANG_WARN_OBJC_LITERAL_CONVERSION = YES;
				CLANG_WARN_OBJC_ROOT_CLASS = YES_ERROR;
				CLANG_WARN_RANGE_LOOP_ANALYSIS = YES;
				CLANG_WARN_STRICT_PROTOTYPES = YES;
				CLANG_WARN_SUSPICIOUS_MOVE = YES;
				CLANG_WARN_UNGUARDED_AVAILABILITY = YES_AGGRESSIVE;
				CLANG_WARN_UNREACHABLE_CODE = YES;
				CLANG_WARN__DUPLICATE_METHOD_MATCH = YES;
				CODE_SIGN_IDENTITY = "iPhone Developer";
				COPY_PHASE_STRIP = NO;
				DEBUG_INFORMATION_FORMAT = "dwarf-with-dsym";
				ENABLE_NS_ASSERTIONS = NO;
				ENABLE_STRICT_OBJC_MSGSEND = YES;
				GCC_C_LANGUAGE_STANDARD = gnu11;
				GCC_NO_COMMON_BLOCKS = YES;
				GCC_WARN_64_TO_32_BIT_CONVERSION = YES;
				GCC_WARN_ABOUT_RETURN_TYPE = YES_ERROR;
				GCC_WARN_UNDECLARED_SELECTOR = YES;
				GCC_WARN_UNINITIALIZED_AUTOS = YES_AGGRESSIVE;
				GCC_WARN_UNUSED_FUNCTION = YES;
				GCC_WARN_UNUSED_VARIABLE = YES;
				IPHONEOS_DEPLOYMENT_TARGET = 12.2;
				MTL_ENABLE_DEBUG_INFO = NO;
				MTL_FAST_MATH = YES;
				SDKROOT = iphoneos;
				SWIFT_COMPILATION_MODE = wholemodule;
				SWIFT_OPTIMIZATION_LEVEL = "-O";
				VALIDATE_PRODUCT = YES;
			};
			name = Release;
		};
		AADB6D61237D69BB00A757B6 /* Debug */ = {
			isa = XCBuildConfiguration;
			baseConfigurationReference = C2758F832AA6B4416F2EBE7C /* Pods-MultilevelTableView.debug.xcconfig */;
			buildSettings = {
				ASSETCATALOG_COMPILER_APPICON_NAME = AppIcon;
				CODE_SIGN_STYLE = Manual;
				DEVELOPMENT_TEAM = U24A8B9239;
				INFOPLIST_FILE = MultilevelTableView/Info.plist;
				IPHONEOS_DEPLOYMENT_TARGET = 9.0;
				LD_RUNPATH_SEARCH_PATHS = (
					"$(inherited)",
					"@executable_path/Frameworks",
				);
				PRODUCT_BUNDLE_IDENTIFIER = com.sitefuelusa.driver.qa;
				PRODUCT_NAME = "$(TARGET_NAME)";
				PROVISIONING_PROFILE_SPECIFIER = DriverQA;
				SWIFT_VERSION = 5.0;
				TARGETED_DEVICE_FAMILY = "1,2";
			};
			name = Debug;
		};
		AADB6D62237D69BB00A757B6 /* Release */ = {
			isa = XCBuildConfiguration;
			baseConfigurationReference = C1A4CE02CCEC84BF257C1DF2 /* Pods-MultilevelTableView.release.xcconfig */;
			buildSettings = {
				ASSETCATALOG_COMPILER_APPICON_NAME = AppIcon;
				CODE_SIGN_STYLE = Manual;
				DEVELOPMENT_TEAM = U24A8B9239;
				INFOPLIST_FILE = MultilevelTableView/Info.plist;
				IPHONEOS_DEPLOYMENT_TARGET = 9.0;
				LD_RUNPATH_SEARCH_PATHS = (
					"$(inherited)",
					"@executable_path/Frameworks",
				);
				PRODUCT_BUNDLE_IDENTIFIER = com.sitefuelusa.driver.qa;
				PRODUCT_NAME = "$(TARGET_NAME)";
				PROVISIONING_PROFILE_SPECIFIER = DriverQA;
				SWIFT_VERSION = 5.0;
				TARGETED_DEVICE_FAMILY = "1,2";
			};
			name = Release;
		};
		AADB6D64237D69BB00A757B6 /* Debug */ = {
			isa = XCBuildConfiguration;
			buildSettings = {
				ALWAYS_EMBED_SWIFT_STANDARD_LIBRARIES = YES;
				BUNDLE_LOADER = "$(TEST_HOST)";
				CODE_SIGN_STYLE = Automatic;
				DEVELOPMENT_TEAM = U24A8B9239;
				INFOPLIST_FILE = MultilevelTableViewTests/Info.plist;
				LD_RUNPATH_SEARCH_PATHS = (
					"$(inherited)",
					"@executable_path/Frameworks",
					"@loader_path/Frameworks",
				);
				PRODUCT_BUNDLE_IDENTIFIER = com.SiteFuelUSA.Driver.MultilevelTableViewTests;
				PRODUCT_NAME = "$(TARGET_NAME)";
				SWIFT_VERSION = 5.0;
				TARGETED_DEVICE_FAMILY = "1,2";
				TEST_HOST = "$(BUILT_PRODUCTS_DIR)/MultilevelTableView.app/MultilevelTableView";
			};
			name = Debug;
		};
		AADB6D65237D69BB00A757B6 /* Release */ = {
			isa = XCBuildConfiguration;
			buildSettings = {
				ALWAYS_EMBED_SWIFT_STANDARD_LIBRARIES = YES;
				BUNDLE_LOADER = "$(TEST_HOST)";
				CODE_SIGN_STYLE = Automatic;
				DEVELOPMENT_TEAM = U24A8B9239;
				INFOPLIST_FILE = MultilevelTableViewTests/Info.plist;
				LD_RUNPATH_SEARCH_PATHS = (
					"$(inherited)",
					"@executable_path/Frameworks",
					"@loader_path/Frameworks",
				);
				PRODUCT_BUNDLE_IDENTIFIER = com.SiteFuelUSA.Driver.MultilevelTableViewTests;
				PRODUCT_NAME = "$(TARGET_NAME)";
				SWIFT_VERSION = 5.0;
				TARGETED_DEVICE_FAMILY = "1,2";
				TEST_HOST = "$(BUILT_PRODUCTS_DIR)/MultilevelTableView.app/MultilevelTableView";
			};
			name = Release;
		};
		AADB6D67237D69BB00A757B6 /* Debug */ = {
			isa = XCBuildConfiguration;
			buildSettings = {
				ALWAYS_EMBED_SWIFT_STANDARD_LIBRARIES = YES;
				CODE_SIGN_STYLE = Automatic;
				DEVELOPMENT_TEAM = U24A8B9239;
				INFOPLIST_FILE = MultilevelTableViewUITests/Info.plist;
				LD_RUNPATH_SEARCH_PATHS = (
					"$(inherited)",
					"@executable_path/Frameworks",
					"@loader_path/Frameworks",
				);
				PRODUCT_BUNDLE_IDENTIFIER = com.SiteFuelUSA.Driver.MultilevelTableViewUITests;
				PRODUCT_NAME = "$(TARGET_NAME)";
				SWIFT_VERSION = 5.0;
				TARGETED_DEVICE_FAMILY = "1,2";
				TEST_TARGET_NAME = MultilevelTableView;
			};
			name = Debug;
		};
		AADB6D68237D69BB00A757B6 /* Release */ = {
			isa = XCBuildConfiguration;
			buildSettings = {
				ALWAYS_EMBED_SWIFT_STANDARD_LIBRARIES = YES;
				CODE_SIGN_STYLE = Automatic;
				DEVELOPMENT_TEAM = U24A8B9239;
				INFOPLIST_FILE = MultilevelTableViewUITests/Info.plist;
				LD_RUNPATH_SEARCH_PATHS = (
					"$(inherited)",
					"@executable_path/Frameworks",
					"@loader_path/Frameworks",
				);
				PRODUCT_BUNDLE_IDENTIFIER = com.SiteFuelUSA.Driver.MultilevelTableViewUITests;
				PRODUCT_NAME = "$(TARGET_NAME)";
				SWIFT_VERSION = 5.0;
				TARGETED_DEVICE_FAMILY = "1,2";
				TEST_TARGET_NAME = MultilevelTableView;
			};
			name = Release;
		};
/* End XCBuildConfiguration section */

/* Begin XCConfigurationList section */
		AADB6D33237D69A900A757B6 /* Build configuration list for PBXProject "MultilevelTableView" */ = {
			isa = XCConfigurationList;
			buildConfigurations = (
				AADB6D5E237D69BB00A757B6 /* Debug */,
				AADB6D5F237D69BB00A757B6 /* Release */,
			);
			defaultConfigurationIsVisible = 0;
			defaultConfigurationName = Release;
		};
		AADB6D60237D69BB00A757B6 /* Build configuration list for PBXNativeTarget "MultilevelTableView" */ = {
			isa = XCConfigurationList;
			buildConfigurations = (
				AADB6D61237D69BB00A757B6 /* Debug */,
				AADB6D62237D69BB00A757B6 /* Release */,
			);
			defaultConfigurationIsVisible = 0;
			defaultConfigurationName = Release;
		};
		AADB6D63237D69BB00A757B6 /* Build configuration list for PBXNativeTarget "MultilevelTableViewTests" */ = {
			isa = XCConfigurationList;
			buildConfigurations = (
				AADB6D64237D69BB00A757B6 /* Debug */,
				AADB6D65237D69BB00A757B6 /* Release */,
			);
			defaultConfigurationIsVisible = 0;
			defaultConfigurationName = Release;
		};
		AADB6D66237D69BB00A757B6 /* Build configuration list for PBXNativeTarget "MultilevelTableViewUITests" */ = {
			isa = XCConfigurationList;
			buildConfigurations = (
				AADB6D67237D69BB00A757B6 /* Debug */,
				AADB6D68237D69BB00A757B6 /* Release */,
			);
			defaultConfigurationIsVisible = 0;
			defaultConfigurationName = Release;
		};
/* End XCConfigurationList section */
	};
	rootObject = AADB6D30237D69A900A757B6 /* Project object */;
}
